
Microsoft Visual Studio Solution File, Format Version 12.00
# Visual Studio Version 16
VisualStudioVersion = 16.0.29806.167
MinimumVisualStudioVersion = 10.0.40219.1
Project("{9A19103F-16F7-4668-BE54-9A1E7A4F7556}") = "XML.Core", "XML.Core.csproj", "{6FA33593-9CCF-410A-B5EC-E743A5A71657}"
EndProject
Project("{9A19103F-16F7-4668-BE54-9A1E7A4F7556}") = "XML.CoreTests", "..\XML.CoreTests\XML.CoreTests.csproj", "{4BEA125F-CFF2-44FD-BB0E-9F92694347F8}"
EndProject
Global
	GlobalSection(SolutionConfigurationPlatforms) = preSolution
		Debug|Any CPU = Debug|Any CPU
		Release|Any CPU = Release|Any CPU
	EndGlobalSection
	GlobalSection(ProjectConfigurationPlatforms) = postSolution
		{6FA33593-9CCF-410A-B5EC-E743A5A71657}.Debug|Any CPU.ActiveCfg = Debug|Any CPU
		{6FA33593-9CCF-410A-B5EC-E743A5A71657}.Debug|Any CPU.Build.0 = Debug|Any CPU
		{6FA33593-9CCF-410A-B5EC-E743A5A71657}.Release|Any CPU.ActiveCfg = Release|Any CPU
		{6FA33593-9CCF-410A-B5EC-E743A5A71657}.Release|Any CPU.Build.0 = Release|Any CPU
		{4BEA125F-CFF2-44FD-BB0E-9F92694347F8}.Debug|Any CPU.ActiveCfg = Debug|Any CPU
		{4BEA125F-CFF2-44FD-BB0E-9F92694347F8}.Debug|Any CPU.Build.0 = Debug|Any CPU
		{4BEA125F-CFF2-44FD-BB0E-9F92694347F8}.Release|Any CPU.ActiveCfg = Release|Any CPU
		{4BEA125F-CFF2-44FD-BB0E-9F92694347F8}.Release|Any CPU.Build.0 = Release|Any CPU
	EndGlobalSection
	GlobalSection(SolutionProperties) = preSolution
		HideSolutionNode = FALSE
	EndGlobalSection
	GlobalSection(ExtensibilityGlobals) = postSolution
		SolutionGuid = {5760F676-AFC2-4490-AC5B-F7A6A8D74EE7}
	EndGlobalSection
	GlobalSection(TeamFoundationVersionControl) = preSolution
		SccNumberOfProjects = 3
		SccEnterpriseProvider = {4CA58AB2-18FA-4F8D-95D4-32DDF27D184C}
		SccTeamFoundationServer = https://dev.azure.com/potentialblue
		SccLocalPath0 = .
		SccProjectUniqueName1 = XML.Core.csproj
		SccLocalPath1 = .
		SccProjectUniqueName2 = ..\\XML.CoreTests\\XML.CoreTests.csproj
		SccProjectName2 = ../XML.CoreTests
		SccLocalPath2 = ..\\XML.CoreTests
	EndGlobalSection
EndGlobal
